// !$*UTF8*$!
{
	archiveVersion = 1;
	classes = {
	};
	objectVersion = 50;
	objects = {

/* Begin PBXBuildFile section */
		03759673C87FBD9615BD2F77 /* Pods_FlashCards.framework in Frameworks */ = {isa = PBXBuildFile; fileRef = B38452C8BDC5B3A825D25788 /* Pods_FlashCards.framework */; };
		CE160D6D21D9495D00293E28 /* GeneralConstants.swift in Sources */ = {isa = PBXBuildFile; fileRef = CE160D6C21D9495D00293E28 /* GeneralConstants.swift */; };
		CE160D7021D961D300293E28 /* ColorHelper.swift in Sources */ = {isa = PBXBuildFile; fileRef = CE160D6F21D961D300293E28 /* ColorHelper.swift */; };
		CE46A88E21D4FC5D00F0B4CC /* AnimationConstants.swift in Sources */ = {isa = PBXBuildFile; fileRef = CE46A88D21D4FC5D00F0B4CC /* AnimationConstants.swift */; };
		CE78822721CE73F1002F8640 /* BackButtonTitleSetter.swift in Sources */ = {isa = PBXBuildFile; fileRef = CE78822621CE73F1002F8640 /* BackButtonTitleSetter.swift */; };
		CE78822A21CE7A47002F8640 /* SetFlashCardAnswerViewController.swift in Sources */ = {isa = PBXBuildFile; fileRef = CE78822921CE7A47002F8640 /* SetFlashCardAnswerViewController.swift */; };
		CE78822C21CE7B95002F8640 /* SetFlashCardAnswerRouter.swift in Sources */ = {isa = PBXBuildFile; fileRef = CE78822B21CE7B95002F8640 /* SetFlashCardAnswerRouter.swift */; };
		CE78822E21CE7DF3002F8640 /* SetFlashCardQuestionWorker.swift in Sources */ = {isa = PBXBuildFile; fileRef = CE78822D21CE7DF3002F8640 /* SetFlashCardQuestionWorker.swift */; };
		CEF7736421C9584F005D81A4 /* AppDelegate.swift in Sources */ = {isa = PBXBuildFile; fileRef = CEF7736321C9584F005D81A4 /* AppDelegate.swift */; };
		CEF7736621C9584F005D81A4 /* CategoryListViewController.swift in Sources */ = {isa = PBXBuildFile; fileRef = CEF7736521C9584F005D81A4 /* CategoryListViewController.swift */; };
		CEF7736921C9584F005D81A4 /* Main.storyboard in Resources */ = {isa = PBXBuildFile; fileRef = CEF7736721C9584F005D81A4 /* Main.storyboard */; };
		CEF7736B21C95850005D81A4 /* Assets.xcassets in Resources */ = {isa = PBXBuildFile; fileRef = CEF7736A21C95850005D81A4 /* Assets.xcassets */; };
		CEF7736E21C95850005D81A4 /* LaunchScreen.storyboard in Resources */ = {isa = PBXBuildFile; fileRef = CEF7736C21C95850005D81A4 /* LaunchScreen.storyboard */; };
		CEF7737721C95AD3005D81A4 /* SetFlashCardQuestionViewController.swift in Sources */ = {isa = PBXBuildFile; fileRef = CEF7737621C95AD3005D81A4 /* SetFlashCardQuestionViewController.swift */; };
		CEF7737921C95AEA005D81A4 /* SetCategoryViewController.swift in Sources */ = {isa = PBXBuildFile; fileRef = CEF7737821C95AEA005D81A4 /* SetCategoryViewController.swift */; };
		CEF7737B21C95AF7005D81A4 /* FlashCardsViewController.swift in Sources */ = {isa = PBXBuildFile; fileRef = CEF7737A21C95AF6005D81A4 /* FlashCardsViewController.swift */; };
		CEF7737D21C9606B005D81A4 /* CategoryListRouter.swift in Sources */ = {isa = PBXBuildFile; fileRef = CEF7737C21C9606B005D81A4 /* CategoryListRouter.swift */; };
		CEF7737F21C960D3005D81A4 /* CategoryListWorker.swift in Sources */ = {isa = PBXBuildFile; fileRef = CEF7737E21C960D3005D81A4 /* CategoryListWorker.swift */; };
		CEF773B221CAAD64005D81A4 /* Names.swift in Sources */ = {isa = PBXBuildFile; fileRef = CEF773B121CAAD64005D81A4 /* Names.swift */; };
		CEF773B721CAF1F0005D81A4 /* Category.swift in Sources */ = {isa = PBXBuildFile; fileRef = CEF773B621CAF1F0005D81A4 /* Category.swift */; };
		CEF773B921CAF3A6005D81A4 /* FlashCard.swift in Sources */ = {isa = PBXBuildFile; fileRef = CEF773B821CAF3A6005D81A4 /* FlashCard.swift */; };
		CEF773BB21CB0FF4005D81A4 /* SetCategoryWorker.swift in Sources */ = {isa = PBXBuildFile; fileRef = CEF773BA21CB0FF4005D81A4 /* SetCategoryWorker.swift */; };
		CEF773BD21CB1D66005D81A4 /* SetCategoryRouter.swift in Sources */ = {isa = PBXBuildFile; fileRef = CEF773BC21CB1D66005D81A4 /* SetCategoryRouter.swift */; };
		CEF773C321CBD034005D81A4 /* FlashCardsRouter.swift in Sources */ = {isa = PBXBuildFile; fileRef = CEF773C221CBD034005D81A4 /* FlashCardsRouter.swift */; };
		CEF773C521CBDD15005D81A4 /* SetFlashCardAnswerWorker.swift in Sources */ = {isa = PBXBuildFile; fileRef = CEF773C421CBDD15005D81A4 /* SetFlashCardAnswerWorker.swift */; };
		CEF773C721CBE022005D81A4 /* SetFlashCardQuestionRouter.swift in Sources */ = {isa = PBXBuildFile; fileRef = CEF773C621CBE022005D81A4 /* SetFlashCardQuestionRouter.swift */; };
		CEF773C921CBF5AD005D81A4 /* FlashCardView.swift in Sources */ = {isa = PBXBuildFile; fileRef = CEF773C821CBF5AD005D81A4 /* FlashCardView.swift */; };
		CEF773CF21CC1FA4005D81A4 /* FlashCardsWorker.swift in Sources */ = {isa = PBXBuildFile; fileRef = CEF773CE21CC1FA4005D81A4 /* FlashCardsWorker.swift */; };
/* End PBXBuildFile section */

/* Begin PBXFileReference section */
		79FABBE0F55F6611105461D1 /* Pods-FlashCards.release.xcconfig */ = {isa = PBXFileReference; includeInIndex = 1; lastKnownFileType = text.xcconfig; name = "Pods-FlashCards.release.xcconfig"; path = "Pods/Target Support Files/Pods-FlashCards/Pods-FlashCards.release.xcconfig"; sourceTree = "<group>"; };
		B38452C8BDC5B3A825D25788 /* Pods_FlashCards.framework */ = {isa = PBXFileReference; explicitFileType = wrapper.framework; includeInIndex = 0; path = Pods_FlashCards.framework; sourceTree = BUILT_PRODUCTS_DIR; };
		CE160D6C21D9495D00293E28 /* GeneralConstants.swift */ = {isa = PBXFileReference; lastKnownFileType = sourcecode.swift; path = GeneralConstants.swift; sourceTree = "<group>"; };
		CE160D6F21D961D300293E28 /* ColorHelper.swift */ = {isa = PBXFileReference; lastKnownFileType = sourcecode.swift; path = ColorHelper.swift; sourceTree = "<group>"; };
		CE46A88D21D4FC5D00F0B4CC /* AnimationConstants.swift */ = {isa = PBXFileReference; lastKnownFileType = sourcecode.swift; path = AnimationConstants.swift; sourceTree = "<group>"; };
		CE78822621CE73F1002F8640 /* BackButtonTitleSetter.swift */ = {isa = PBXFileReference; lastKnownFileType = sourcecode.swift; path = BackButtonTitleSetter.swift; sourceTree = "<group>"; };
		CE78822921CE7A47002F8640 /* SetFlashCardAnswerViewController.swift */ = {isa = PBXFileReference; lastKnownFileType = sourcecode.swift; path = SetFlashCardAnswerViewController.swift; sourceTree = "<group>"; };
		CE78822B21CE7B95002F8640 /* SetFlashCardAnswerRouter.swift */ = {isa = PBXFileReference; lastKnownFileType = sourcecode.swift; path = SetFlashCardAnswerRouter.swift; sourceTree = "<group>"; };
		CE78822D21CE7DF3002F8640 /* SetFlashCardQuestionWorker.swift */ = {isa = PBXFileReference; lastKnownFileType = sourcecode.swift; path = SetFlashCardQuestionWorker.swift; sourceTree = "<group>"; };
		CEF7736021C9584F005D81A4 /* FlashCards.app */ = {isa = PBXFileReference; explicitFileType = wrapper.application; includeInIndex = 0; path = FlashCards.app; sourceTree = BUILT_PRODUCTS_DIR; };
		CEF7736321C9584F005D81A4 /* AppDelegate.swift */ = {isa = PBXFileReference; lastKnownFileType = sourcecode.swift; path = AppDelegate.swift; sourceTree = "<group>"; };
		CEF7736521C9584F005D81A4 /* CategoryListViewController.swift */ = {isa = PBXFileReference; lastKnownFileType = sourcecode.swift; path = CategoryListViewController.swift; sourceTree = "<group>"; };
		CEF7736821C9584F005D81A4 /* Base */ = {isa = PBXFileReference; lastKnownFileType = file.storyboard; name = Base; path = Base.lproj/Main.storyboard; sourceTree = "<group>"; };
		CEF7736A21C95850005D81A4 /* Assets.xcassets */ = {isa = PBXFileReference; lastKnownFileType = folder.assetcatalog; path = Assets.xcassets; sourceTree = "<group>"; };
		CEF7736D21C95850005D81A4 /* Base */ = {isa = PBXFileReference; lastKnownFileType = file.storyboard; name = Base; path = Base.lproj/LaunchScreen.storyboard; sourceTree = "<group>"; };
		CEF7736F21C95850005D81A4 /* Info.plist */ = {isa = PBXFileReference; lastKnownFileType = text.plist.xml; path = Info.plist; sourceTree = "<group>"; };
		CEF7737621C95AD3005D81A4 /* SetFlashCardQuestionViewController.swift */ = {isa = PBXFileReference; lastKnownFileType = sourcecode.swift; path = SetFlashCardQuestionViewController.swift; sourceTree = "<group>"; };
		CEF7737821C95AEA005D81A4 /* SetCategoryViewController.swift */ = {isa = PBXFileReference; lastKnownFileType = sourcecode.swift; path = SetCategoryViewController.swift; sourceTree = "<group>"; };
		CEF7737A21C95AF6005D81A4 /* FlashCardsViewController.swift */ = {isa = PBXFileReference; lastKnownFileType = sourcecode.swift; path = FlashCardsViewController.swift; sourceTree = "<group>"; };
		CEF7737C21C9606B005D81A4 /* CategoryListRouter.swift */ = {isa = PBXFileReference; lastKnownFileType = sourcecode.swift; path = CategoryListRouter.swift; sourceTree = "<group>"; };
		CEF7737E21C960D3005D81A4 /* CategoryListWorker.swift */ = {isa = PBXFileReference; lastKnownFileType = sourcecode.swift; path = CategoryListWorker.swift; sourceTree = "<group>"; };
		CEF773B121CAAD64005D81A4 /* Names.swift */ = {isa = PBXFileReference; lastKnownFileType = sourcecode.swift; path = Names.swift; sourceTree = "<group>"; };
		CEF773B621CAF1F0005D81A4 /* Category.swift */ = {isa = PBXFileReference; lastKnownFileType = sourcecode.swift; path = Category.swift; sourceTree = "<group>"; };
		CEF773B821CAF3A6005D81A4 /* FlashCard.swift */ = {isa = PBXFileReference; lastKnownFileType = sourcecode.swift; path = FlashCard.swift; sourceTree = "<group>"; };
		CEF773BA21CB0FF4005D81A4 /* SetCategoryWorker.swift */ = {isa = PBXFileReference; lastKnownFileType = sourcecode.swift; path = SetCategoryWorker.swift; sourceTree = "<group>"; };
		CEF773BC21CB1D66005D81A4 /* SetCategoryRouter.swift */ = {isa = PBXFileReference; lastKnownFileType = sourcecode.swift; path = SetCategoryRouter.swift; sourceTree = "<group>"; };
		CEF773C221CBD034005D81A4 /* FlashCardsRouter.swift */ = {isa = PBXFileReference; lastKnownFileType = sourcecode.swift; path = FlashCardsRouter.swift; sourceTree = "<group>"; };
		CEF773C421CBDD15005D81A4 /* SetFlashCardAnswerWorker.swift */ = {isa = PBXFileReference; lastKnownFileType = sourcecode.swift; path = SetFlashCardAnswerWorker.swift; sourceTree = "<group>"; };
		CEF773C621CBE022005D81A4 /* SetFlashCardQuestionRouter.swift */ = {isa = PBXFileReference; lastKnownFileType = sourcecode.swift; path = SetFlashCardQuestionRouter.swift; sourceTree = "<group>"; };
		CEF773C821CBF5AD005D81A4 /* FlashCardView.swift */ = {isa = PBXFileReference; lastKnownFileType = sourcecode.swift; path = FlashCardView.swift; sourceTree = "<group>"; };
		CEF773CE21CC1FA4005D81A4 /* FlashCardsWorker.swift */ = {isa = PBXFileReference; lastKnownFileType = sourcecode.swift; path = FlashCardsWorker.swift; sourceTree = "<group>"; };
		FA210BD8BDF2F2BBE1454004 /* Pods-FlashCards.debug.xcconfig */ = {isa = PBXFileReference; includeInIndex = 1; lastKnownFileType = text.xcconfig; name = "Pods-FlashCards.debug.xcconfig"; path = "Pods/Target Support Files/Pods-FlashCards/Pods-FlashCards.debug.xcconfig"; sourceTree = "<group>"; };
/* End PBXFileReference section */

/* Begin PBXFrameworksBuildPhase section */
		CEF7735D21C9584F005D81A4 /* Frameworks */ = {
			isa = PBXFrameworksBuildPhase;
			buildActionMask = 2147483647;
			files = (
				03759673C87FBD9615BD2F77 /* Pods_FlashCards.framework in Frameworks */,
			);
			runOnlyForDeploymentPostprocessing = 0;
		};
/* End PBXFrameworksBuildPhase section */

/* Begin PBXGroup section */
		05AEA66EC14732828BCB0A91 /* Pods */ = {
			isa = PBXGroup;
			children = (
				FA210BD8BDF2F2BBE1454004 /* Pods-FlashCards.debug.xcconfig */,
				79FABBE0F55F6611105461D1 /* Pods-FlashCards.release.xcconfig */,
			);
			name = Pods;
			sourceTree = "<group>";
		};
		0C41BC336D0C18628D1013D5 /* Frameworks */ = {
			isa = PBXGroup;
			children = (
				B38452C8BDC5B3A825D25788 /* Pods_FlashCards.framework */,
			);
			name = Frameworks;
			sourceTree = "<group>";
		};
		CE160D6E21D95CFD00293E28 /* Constants */ = {
			isa = PBXGroup;
			children = (
				CE160D6C21D9495D00293E28 /* GeneralConstants.swift */,
				CE46A88D21D4FC5D00F0B4CC /* AnimationConstants.swift */,
				CEF773B121CAAD64005D81A4 /* Names.swift */,
			);
			path = Constants;
			sourceTree = "<group>";
		};
		CE160D7121D961DF00293E28 /* Helpers */ = {
			isa = PBXGroup;
			children = (
				CE160D6F21D961D300293E28 /* ColorHelper.swift */,
			);
			path = Helpers;
			sourceTree = "<group>";
		};
		CE78822521CE73E2002F8640 /* Extensions */ = {
			isa = PBXGroup;
			children = (
				CE78822621CE73F1002F8640 /* BackButtonTitleSetter.swift */,
			);
			path = Extensions;
			sourceTree = "<group>";
		};
		CE78822821CE7A1D002F8640 /* Set Flash Card Answer */ = {
			isa = PBXGroup;
			children = (
				CE78822921CE7A47002F8640 /* SetFlashCardAnswerViewController.swift */,
				CE78822B21CE7B95002F8640 /* SetFlashCardAnswerRouter.swift */,
				CEF773C421CBDD15005D81A4 /* SetFlashCardAnswerWorker.swift */,
			);
			path = "Set Flash Card Answer";
			sourceTree = "<group>";
		};
		CEF7735721C9584F005D81A4 = {
			isa = PBXGroup;
			children = (
				CEF7736221C9584F005D81A4 /* FlashCards */,
				CEF7736121C9584F005D81A4 /* Products */,
				05AEA66EC14732828BCB0A91 /* Pods */,
				0C41BC336D0C18628D1013D5 /* Frameworks */,
			);
			sourceTree = "<group>";
		};
		CEF7736121C9584F005D81A4 /* Products */ = {
			isa = PBXGroup;
			children = (
				CEF7736021C9584F005D81A4 /* FlashCards.app */,
			);
			name = Products;
			sourceTree = "<group>";
		};
		CEF7736221C9584F005D81A4 /* FlashCards */ = {
			isa = PBXGroup;
			children = (
				CE160D6E21D95CFD00293E28 /* Constants */,
				CE160D7121D961DF00293E28 /* Helpers */,
				CE78822521CE73E2002F8640 /* Extensions */,
				CEF773B521CAF1B1005D81A4 /* Data Model */,
				CEF7737521C9585B005D81A4 /* Category List */,
				CEF773AE21CAACD9005D81A4 /* Flash Cards */,
				CEF773AF21CAACE7005D81A4 /* Set Category */,
				CEF773B021CAACEE005D81A4 /* Set Flash Card Question */,
				CE78822821CE7A1D002F8640 /* Set Flash Card Answer */,
				CEF7736321C9584F005D81A4 /* AppDelegate.swift */,
				CEF7736721C9584F005D81A4 /* Main.storyboard */,
				CEF7736C21C95850005D81A4 /* LaunchScreen.storyboard */,
				CEF7736A21C95850005D81A4 /* Assets.xcassets */,
				CEF7736F21C95850005D81A4 /* Info.plist */,
			);
			path = FlashCards;
			sourceTree = "<group>";
		};
		CEF7737521C9585B005D81A4 /* Category List */ = {
			isa = PBXGroup;
			children = (
				CEF7736521C9584F005D81A4 /* CategoryListViewController.swift */,
				CEF7737C21C9606B005D81A4 /* CategoryListRouter.swift */,
				CEF7737E21C960D3005D81A4 /* CategoryListWorker.swift */,
			);
			path = "Category List";
			sourceTree = "<group>";
		};
		CEF773AE21CAACD9005D81A4 /* Flash Cards */ = {
			isa = PBXGroup;
			children = (
				CEF7737A21C95AF6005D81A4 /* FlashCardsViewController.swift */,
				CEF773C821CBF5AD005D81A4 /* FlashCardView.swift */,
				CEF773C221CBD034005D81A4 /* FlashCardsRouter.swift */,
				CEF773CE21CC1FA4005D81A4 /* FlashCardsWorker.swift */,
			);
			path = "Flash Cards";
			sourceTree = "<group>";
		};
		CEF773AF21CAACE7005D81A4 /* Set Category */ = {
			isa = PBXGroup;
			children = (
				CEF7737821C95AEA005D81A4 /* SetCategoryViewController.swift */,
				CEF773BC21CB1D66005D81A4 /* SetCategoryRouter.swift */,
				CEF773BA21CB0FF4005D81A4 /* SetCategoryWorker.swift */,
			);
			path = "Set Category";
			sourceTree = "<group>";
		};
		CEF773B021CAACEE005D81A4 /* Set Flash Card Question */ = {
			isa = PBXGroup;
			children = (
				CEF7737621C95AD3005D81A4 /* SetFlashCardQuestionViewController.swift */,
				CEF773C621CBE022005D81A4 /* SetFlashCardQuestionRouter.swift */,
				CE78822D21CE7DF3002F8640 /* SetFlashCardQuestionWorker.swift */,
			);
			path = "Set Flash Card Question";
			sourceTree = "<group>";
		};
		CEF773B521CAF1B1005D81A4 /* Data Model */ = {
			isa = PBXGroup;
			children = (
				CEF773B621CAF1F0005D81A4 /* Category.swift */,
				CEF773B821CAF3A6005D81A4 /* FlashCard.swift */,
			);
			path = "Data Model";
			sourceTree = "<group>";
		};
/* End PBXGroup section */

/* Begin PBXNativeTarget section */
		CEF7735F21C9584F005D81A4 /* FlashCards */ = {
			isa = PBXNativeTarget;
			buildConfigurationList = CEF7737221C95850005D81A4 /* Build configuration list for PBXNativeTarget "FlashCards" */;
			buildPhases = (
				99ADD459A75A2F403FC9EFD8 /* [CP] Check Pods Manifest.lock */,
				CEF7735C21C9584F005D81A4 /* Sources */,
				CEF7735D21C9584F005D81A4 /* Frameworks */,
				CEF7735E21C9584F005D81A4 /* Resources */,
				6FC27CDDDDD6262893E85A29 /* [CP] Embed Pods Frameworks */,
			);
			buildRules = (
			);
			dependencies = (
			);
			name = FlashCards;
			productName = FlashCards;
			productReference = CEF7736021C9584F005D81A4 /* FlashCards.app */;
			productType = "com.apple.product-type.application";
		};
/* End PBXNativeTarget section */

/* Begin PBXProject section */
		CEF7735821C9584F005D81A4 /* Project object */ = {
			isa = PBXProject;
			attributes = {
				LastSwiftUpdateCheck = 1000;
				LastUpgradeCheck = 1000;
				ORGANIZATIONNAME = user;
				TargetAttributes = {
					CEF7735F21C9584F005D81A4 = {
						CreatedOnToolsVersion = 10.0;
					};
				};
			};
			buildConfigurationList = CEF7735B21C9584F005D81A4 /* Build configuration list for PBXProject "FlashCards" */;
			compatibilityVersion = "Xcode 9.3";
			developmentRegion = en;
			hasScannedForEncodings = 0;
			knownRegions = (
				en,
				Base,
			);
			mainGroup = CEF7735721C9584F005D81A4;
			productRefGroup = CEF7736121C9584F005D81A4 /* Products */;
			projectDirPath = "";
			projectRoot = "";
			targets = (
				CEF7735F21C9584F005D81A4 /* FlashCards */,
			);
		};
/* End PBXProject section */

/* Begin PBXResourcesBuildPhase section */
		CEF7735E21C9584F005D81A4 /* Resources */ = {
			isa = PBXResourcesBuildPhase;
			buildActionMask = 2147483647;
			files = (
				CEF7736E21C95850005D81A4 /* LaunchScreen.storyboard in Resources */,
				CEF7736B21C95850005D81A4 /* Assets.xcassets in Resources */,
				CEF7736921C9584F005D81A4 /* Main.storyboard in Resources */,
			);
			runOnlyForDeploymentPostprocessing = 0;
		};
/* End PBXResourcesBuildPhase section */

/* Begin PBXShellScriptBuildPhase section */
		6FC27CDDDDD6262893E85A29 /* [CP] Embed Pods Frameworks */ = {
			isa = PBXShellScriptBuildPhase;
			buildActionMask = 2147483647;
			files = (
			);
			inputFileListPaths = (
			);
			inputPaths = (
				"${SRCROOT}/Pods/Target Support Files/Pods-FlashCards/Pods-FlashCards-frameworks.sh",
				"${BUILT_PRODUCTS_DIR}/PureLayout/PureLayout.framework",
				"${BUILT_PRODUCTS_DIR}/Realm/Realm.framework",
				"${BUILT_PRODUCTS_DIR}/RealmSwift/RealmSwift.framework",
			);
			name = "[CP] Embed Pods Frameworks";
			outputFileListPaths = (
			);
			outputPaths = (
				"${TARGET_BUILD_DIR}/${FRAMEWORKS_FOLDER_PATH}/PureLayout.framework",
				"${TARGET_BUILD_DIR}/${FRAMEWORKS_FOLDER_PATH}/Realm.framework",
				"${TARGET_BUILD_DIR}/${FRAMEWORKS_FOLDER_PATH}/RealmSwift.framework",
			);
			runOnlyForDeploymentPostprocessing = 0;
			shellPath = /bin/sh;
			shellScript = "\"${SRCROOT}/Pods/Target Support Files/Pods-FlashCards/Pods-FlashCards-frameworks.sh\"\n";
			showEnvVarsInLog = 0;
		};
		99ADD459A75A2F403FC9EFD8 /* [CP] Check Pods Manifest.lock */ = {
			isa = PBXShellScriptBuildPhase;
			buildActionMask = 2147483647;
			files = (
			);
			inputFileListPaths = (
			);
			inputPaths = (
				"${PODS_PODFILE_DIR_PATH}/Podfile.lock",
				"${PODS_ROOT}/Manifest.lock",
			);
			name = "[CP] Check Pods Manifest.lock";
			outputFileListPaths = (
			);
			outputPaths = (
				"$(DERIVED_FILE_DIR)/Pods-FlashCards-checkManifestLockResult.txt",
			);
			runOnlyForDeploymentPostprocessing = 0;
			shellPath = /bin/sh;
			shellScript = "diff \"${PODS_PODFILE_DIR_PATH}/Podfile.lock\" \"${PODS_ROOT}/Manifest.lock\" > /dev/null\nif [ $? != 0 ] ; then\n    # print error to STDERR\n    echo \"error: The sandbox is not in sync with the Podfile.lock. Run 'pod install' or update your CocoaPods installation.\" >&2\n    exit 1\nfi\n# This output is used by Xcode 'outputs' to avoid re-running this script phase.\necho \"SUCCESS\" > \"${SCRIPT_OUTPUT_FILE_0}\"\n";
			showEnvVarsInLog = 0;
		};
/* End PBXShellScriptBuildPhase section */

/* Begin PBXSourcesBuildPhase section */
		CEF7735C21C9584F005D81A4 /* Sources */ = {
			isa = PBXSourcesBuildPhase;
			buildActionMask = 2147483647;
			files = (
				CEF7737721C95AD3005D81A4 /* SetFlashCardQuestionViewController.swift in Sources */,
				CE160D6D21D9495D00293E28 /* GeneralConstants.swift in Sources */,
				CEF773C521CBDD15005D81A4 /* SetFlashCardAnswerWorker.swift in Sources */,
				CEF773C921CBF5AD005D81A4 /* FlashCardView.swift in Sources */,
				CEF773C721CBE022005D81A4 /* SetFlashCardQuestionRouter.swift in Sources */,
				CEF773C321CBD034005D81A4 /* FlashCardsRouter.swift in Sources */,
				CEF7736621C9584F005D81A4 /* CategoryListViewController.swift in Sources */,
				CE46A88E21D4FC5D00F0B4CC /* AnimationConstants.swift in Sources */,
				CEF773B221CAAD64005D81A4 /* Names.swift in Sources */,
				CE78822721CE73F1002F8640 /* BackButtonTitleSetter.swift in Sources */,
				CEF7737D21C9606B005D81A4 /* CategoryListRouter.swift in Sources */,
				CEF773BB21CB0FF4005D81A4 /* SetCategoryWorker.swift in Sources */,
				CE78822A21CE7A47002F8640 /* SetFlashCardAnswerViewController.swift in Sources */,
				CEF773BD21CB1D66005D81A4 /* SetCategoryRouter.swift in Sources */,
				CEF773B921CAF3A6005D81A4 /* FlashCard.swift in Sources */,
				CE78822E21CE7DF3002F8640 /* SetFlashCardQuestionWorker.swift in Sources */,
				CEF7737B21C95AF7005D81A4 /* FlashCardsViewController.swift in Sources */,
				CE78822C21CE7B95002F8640 /* SetFlashCardAnswerRouter.swift in Sources */,
				CEF773B721CAF1F0005D81A4 /* Category.swift in Sources */,
				CE160D7021D961D300293E28 /* ColorHelper.swift in Sources */,
				CEF7737921C95AEA005D81A4 /* SetCategoryViewController.swift in Sources */,
				CEF773CF21CC1FA4005D81A4 /* FlashCardsWorker.swift in Sources */,
				CEF7737F21C960D3005D81A4 /* CategoryListWorker.swift in Sources */,
				CEF7736421C9584F005D81A4 /* AppDelegate.swift in Sources */,
			);
			runOnlyForDeploymentPostprocessing = 0;
		};
/* End PBXSourcesBuildPhase section */

/* Begin PBXVariantGroup section */
		CEF7736721C9584F005D81A4 /* Main.storyboard */ = {
			isa = PBXVariantGroup;
			children = (
				CEF7736821C9584F005D81A4 /* Base */,
			);
			name = Main.storyboard;
			sourceTree = "<group>";
		};
		CEF7736C21C95850005D81A4 /* LaunchScreen.storyboard */ = {
			isa = PBXVariantGroup;
			children = (
				CEF7736D21C95850005D81A4 /* Base */,
			);
			name = LaunchScreen.storyboard;
			sourceTree = "<group>";
		};
/* End PBXVariantGroup section */

/* Begin XCBuildConfiguration section */
		CEF7737021C95850005D81A4 /* Debug */ = {
			isa = XCBuildConfiguration;
			buildSettings = {
				ALWAYS_SEARCH_USER_PATHS = NO;
				CLANG_ANALYZER_NONNULL = YES;
				CLANG_ANALYZER_NUMBER_OBJECT_CONVERSION = YES_AGGRESSIVE;
				CLANG_CXX_LANGUAGE_STANDARD = "gnu++14";
				CLANG_CXX_LIBRARY = "libc++";
				CLANG_ENABLE_MODULES = YES;
				CLANG_ENABLE_OBJC_ARC = YES;
				CLANG_ENABLE_OBJC_WEAK = YES;
				CLANG_WARN_BLOCK_CAPTURE_AUTORELEASING = YES;
				CLANG_WARN_BOOL_CONVERSION = YES;
				CLANG_WARN_COMMA = YES;
				CLANG_WARN_CONSTANT_CONVERSION = YES;
				CLANG_WARN_DEPRECATED_OBJC_IMPLEMENTATIONS = YES;
				CLANG_WARN_DIRECT_OBJC_ISA_USAGE = YES_ERROR;
				CLANG_WARN_DOCUMENTATION_COMMENTS = YES;
				CLANG_WARN_EMPTY_BODY = YES;
				CLANG_WARN_ENUM_CONVERSION = YES;
				CLANG_WARN_INFINITE_RECURSION = YES;
				CLANG_WARN_INT_CONVERSION = YES;
				CLANG_WARN_NON_LITERAL_NULL_CONVERSION = YES;
				CLANG_WARN_OBJC_IMPLICIT_RETAIN_SELF = YES;
				CLANG_WARN_OBJC_LITERAL_CONVERSION = YES;
				CLANG_WARN_OBJC_ROOT_CLASS = YES_ERROR;
				CLANG_WARN_RANGE_LOOP_ANALYSIS = YES;
				CLANG_WARN_STRICT_PROTOTYPES = YES;
				CLANG_WARN_SUSPICIOUS_MOVE = YES;
				CLANG_WARN_UNGUARDED_AVAILABILITY = YES_AGGRESSIVE;
				CLANG_WARN_UNREACHABLE_CODE = YES;
				CLANG_WARN__DUPLICATE_METHOD_MATCH = YES;
				CODE_SIGN_IDENTITY = "iPhone Developer";
				COPY_PHASE_STRIP = NO;
				DEBUG_INFORMATION_FORMAT = dwarf;
				ENABLE_STRICT_OBJC_MSGSEND = YES;
				ENABLE_TESTABILITY = YES;
				GCC_C_LANGUAGE_STANDARD = gnu11;
				GCC_DYNAMIC_NO_PIC = NO;
				GCC_NO_COMMON_BLOCKS = YES;
				GCC_OPTIMIZATION_LEVEL = 0;
				GCC_PREPROCESSOR_DEFINITIONS = (
					"DEBUG=1",
					"$(inherited)",
				);
				GCC_WARN_64_TO_32_BIT_CONVERSION = YES;
				GCC_WARN_ABOUT_RETURN_TYPE = YES_ERROR;
				GCC_WARN_UNDECLARED_SELECTOR = YES;
				GCC_WARN_UNINITIALIZED_AUTOS = YES_AGGRESSIVE;
				GCC_WARN_UNUSED_FUNCTION = YES;
				GCC_WARN_UNUSED_VARIABLE = YES;
				IPHONEOS_DEPLOYMENT_TARGET = 12.0;
				MTL_ENABLE_DEBUG_INFO = INCLUDE_SOURCE;
				MTL_FAST_MATH = YES;
				ONLY_ACTIVE_ARCH = YES;
				SDKROOT = iphoneos;
				SWIFT_ACTIVE_COMPILATION_CONDITIONS = DEBUG;
				SWIFT_OPTIMIZATION_LEVEL = "-Onone";
			};
			name = Debug;
		};
		CEF7737121C95850005D81A4 /* Release */ = {
			isa = XCBuildConfiguration;
			buildSettings = {
				ALWAYS_SEARCH_USER_PATHS = NO;
				CLANG_ANALYZER_NONNULL = YES;
				CLANG_ANALYZER_NUMBER_OBJECT_CONVERSION = YES_AGGRESSIVE;
				CLANG_CXX_LANGUAGE_STANDARD = "gnu++14";
				CLANG_CXX_LIBRARY = "libc++";
				CLANG_ENABLE_MODULES = YES;
				CLANG_ENABLE_OBJC_ARC = YES;
				CLANG_ENABLE_OBJC_WEAK = YES;
				CLANG_WARN_BLOCK_CAPTURE_AUTORELEASING = YES;
				CLANG_WARN_BOOL_CONVERSION = YES;
				CLANG_WARN_COMMA = YES;
				CLANG_WARN_CONSTANT_CONVERSION = YES;
				CLANG_WARN_DEPRECATED_OBJC_IMPLEMENTATIONS = YES;
				CLANG_WARN_DIRECT_OBJC_ISA_USAGE = YES_ERROR;
				CLANG_WARN_DOCUMENTATION_COMMENTS = YES;
				CLANG_WARN_EMPTY_BODY = YES;
				CLANG_WARN_ENUM_CONVERSION = YES;
				CLANG_WARN_INFINITE_RECURSION = YES;
				CLANG_WARN_INT_CONVERSION = YES;
				CLANG_WARN_NON_LITERAL_NULL_CONVERSION = YES;
				CLANG_WARN_OBJC_IMPLICIT_RETAIN_SELF = YES;
				CLANG_WARN_OBJC_LITERAL_CONVERSION = YES;
				CLANG_WARN_OBJC_ROOT_CLASS = YES_ERROR;
				CLANG_WARN_RANGE_LOOP_ANALYSIS = YES;
				CLANG_WARN_STRICT_PROTOTYPES = YES;
				CLANG_WARN_SUSPICIOUS_MOVE = YES;
				CLANG_WARN_UNGUARDED_AVAILABILITY = YES_AGGRESSIVE;
				CLANG_WARN_UNREACHABLE_CODE = YES;
				CLANG_WARN__DUPLICATE_METHOD_MATCH = YES;
				CODE_SIGN_IDENTITY = "iPhone Developer";
				COPY_PHASE_STRIP = NO;
				DEBUG_INFORMATION_FORMAT = "dwarf-with-dsym";
				ENABLE_NS_ASSERTIONS = NO;
				ENABLE_STRICT_OBJC_MSGSEND = YES;
				GCC_C_LANGUAGE_STANDARD = gnu11;
				GCC_NO_COMMON_BLOCKS = YES;
				GCC_WARN_64_TO_32_BIT_CONVERSION = YES;
				GCC_WARN_ABOUT_RETURN_TYPE = YES_ERROR;
				GCC_WARN_UNDECLARED_SELECTOR = YES;
				GCC_WARN_UNINITIALIZED_AUTOS = YES_AGGRESSIVE;
				GCC_WARN_UNUSED_FUNCTION = YES;
				GCC_WARN_UNUSED_VARIABLE = YES;
				IPHONEOS_DEPLOYMENT_TARGET = 12.0;
				MTL_ENABLE_DEBUG_INFO = NO;
				MTL_FAST_MATH = YES;
				SDKROOT = iphoneos;
				SWIFT_COMPILATION_MODE = wholemodule;
				SWIFT_OPTIMIZATION_LEVEL = "-O";
				VALIDATE_PRODUCT = YES;
			};
			name = Release;
		};
		CEF7737321C95850005D81A4 /* Debug */ = {
			isa = XCBuildConfiguration;
			baseConfigurationReference = FA210BD8BDF2F2BBE1454004 /* Pods-FlashCards.debug.xcconfig */;
			buildSettings = {
				ASSETCATALOG_COMPILER_APPICON_NAME = AppIcon;
				CODE_SIGN_STYLE = Automatic;
				DEVELOPMENT_TEAM = TMTU5R2HJY;
				INFOPLIST_FILE = FlashCards/Info.plist;
				LD_RUNPATH_SEARCH_PATHS = (
					"$(inherited)",
					"@executable_path/Frameworks",
				);
				PRODUCT_BUNDLE_IDENTIFIER = com.jgstudio.FlashCards;
				PRODUCT_NAME = "$(TARGET_NAME)";
				SWIFT_VERSION = 4.2;
				TARGETED_DEVICE_FAMILY = "1,2";
			};
			name = Debug;
		};
		CEF7737421C95850005D81A4 /* Release */ = {
			isa = XCBuildConfiguration;
			baseConfigurationReference = 79FABBE0F55F6611105461D1 /* Pods-FlashCards.release.xcconfig */;
			buildSettings = {
				ASSETCATALOG_COMPILER_APPICON_NAME = AppIcon;
				CODE_SIGN_STYLE = Automatic;
				DEVELOPMENT_TEAM = TMTU5R2HJY;
				INFOPLIST_FILE = FlashCards/Info.plist;
				LD_RUNPATH_SEARCH_PATHS = (
					"$(inherited)",
					"@executable_path/Frameworks",
				);
				PRODUCT_BUNDLE_IDENTIFIER = com.jgstudio.FlashCards;
				PRODUCT_NAME = "$(TARGET_NAME)";
				SWIFT_VERSION = 4.2;
				TARGETED_DEVICE_FAMILY = "1,2";
			};
			name = Release;
		};
/* End XCBuildConfiguration section */

/* Begin XCConfigurationList section */
		CEF7735B21C9584F005D81A4 /* Build configuration list for PBXProject "FlashCards" */ = {
			isa = XCConfigurationList;
			buildConfigurations = (
				CEF7737021C95850005D81A4 /* Debug */,
				CEF7737121C95850005D81A4 /* Release */,
			);
			defaultConfigurationIsVisible = 0;
			defaultConfigurationName = Release;
		};
		CEF7737221C95850005D81A4 /* Build configuration list for PBXNativeTarget "FlashCards" */ = {
			isa = XCConfigurationList;
			buildConfigurations = (
				CEF7737321C95850005D81A4 /* Debug */,
				CEF7737421C95850005D81A4 /* Release */,
			);
			defaultConfigurationIsVisible = 0;
			defaultConfigurationName = Release;
		};
/* End XCConfigurationList section */
	};
	rootObject = CEF7735821C9584F005D81A4 /* Project object */;
}
