// !$*UTF8*$!
{
	archiveVersion = 1;
	classes = {
	};
	objectVersion = 50;
	objects = {

/* Begin PBXBuildFile section */
		CEF7736421C9584F005D81A4 /* AppDelegate.swift in Sources */ = {isa = PBXBuildFile; fileRef = CEF7736321C9584F005D81A4 /* AppDelegate.swift */; };
		CEF7736621C9584F005D81A4 /* CategoryListViewController.swift in Sources */ = {isa = PBXBuildFile; fileRef = CEF7736521C9584F005D81A4 /* CategoryListViewController.swift */; };
		CEF7736921C9584F005D81A4 /* Main.storyboard in Resources */ = {isa = PBXBuildFile; fileRef = CEF7736721C9584F005D81A4 /* Main.storyboard */; };
		CEF7736B21C95850005D81A4 /* Assets.xcassets in Resources */ = {isa = PBXBuildFile; fileRef = CEF7736A21C95850005D81A4 /* Assets.xcassets */; };
		CEF7736E21C95850005D81A4 /* LaunchScreen.storyboard in Resources */ = {isa = PBXBuildFile; fileRef = CEF7736C21C95850005D81A4 /* LaunchScreen.storyboard */; };
		CEF7737721C95AD3005D81A4 /* SetFlashCardViewController.swift in Sources */ = {isa = PBXBuildFile; fileRef = CEF7737621C95AD3005D81A4 /* SetFlashCardViewController.swift */; };
		CEF7737921C95AEA005D81A4 /* SetCategoryViewController.swift in Sources */ = {isa = PBXBuildFile; fileRef = CEF7737821C95AEA005D81A4 /* SetCategoryViewController.swift */; };
		CEF7737B21C95AF7005D81A4 /* FlashCardsViewController.swift in Sources */ = {isa = PBXBuildFile; fileRef = CEF7737A21C95AF6005D81A4 /* FlashCardsViewController.swift */; };
		CEF7737D21C9606B005D81A4 /* CategoryListRouter.swift in Sources */ = {isa = PBXBuildFile; fileRef = CEF7737C21C9606B005D81A4 /* CategoryListRouter.swift */; };
		CEF7737F21C960D3005D81A4 /* CategoryListGetWorker.swift in Sources */ = {isa = PBXBuildFile; fileRef = CEF7737E21C960D3005D81A4 /* CategoryListGetWorker.swift */; };
		CEF773AD21CAA088005D81A4 /* CategoryListModels.swift in Sources */ = {isa = PBXBuildFile; fileRef = CEF773AC21CAA087005D81A4 /* CategoryListModels.swift */; };
		CEF773B221CAAD64005D81A4 /* Names.swift in Sources */ = {isa = PBXBuildFile; fileRef = CEF773B121CAAD64005D81A4 /* Names.swift */; };
/* End PBXBuildFile section */

/* Begin PBXFileReference section */
		CEF7736021C9584F005D81A4 /* FlashCards.app */ = {isa = PBXFileReference; explicitFileType = wrapper.application; includeInIndex = 0; path = FlashCards.app; sourceTree = BUILT_PRODUCTS_DIR; };
		CEF7736321C9584F005D81A4 /* AppDelegate.swift */ = {isa = PBXFileReference; lastKnownFileType = sourcecode.swift; path = AppDelegate.swift; sourceTree = "<group>"; };
		CEF7736521C9584F005D81A4 /* CategoryListViewController.swift */ = {isa = PBXFileReference; lastKnownFileType = sourcecode.swift; path = CategoryListViewController.swift; sourceTree = "<group>"; };
		CEF7736821C9584F005D81A4 /* Base */ = {isa = PBXFileReference; lastKnownFileType = file.storyboard; name = Base; path = Base.lproj/Main.storyboard; sourceTree = "<group>"; };
		CEF7736A21C95850005D81A4 /* Assets.xcassets */ = {isa = PBXFileReference; lastKnownFileType = folder.assetcatalog; path = Assets.xcassets; sourceTree = "<group>"; };
		CEF7736D21C95850005D81A4 /* Base */ = {isa = PBXFileReference; lastKnownFileType = file.storyboard; name = Base; path = Base.lproj/LaunchScreen.storyboard; sourceTree = "<group>"; };
		CEF7736F21C95850005D81A4 /* Info.plist */ = {isa = PBXFileReference; lastKnownFileType = text.plist.xml; path = Info.plist; sourceTree = "<group>"; };
		CEF7737621C95AD3005D81A4 /* SetFlashCardViewController.swift */ = {isa = PBXFileReference; lastKnownFileType = sourcecode.swift; path = SetFlashCardViewController.swift; sourceTree = "<group>"; };
		CEF7737821C95AEA005D81A4 /* SetCategoryViewController.swift */ = {isa = PBXFileReference; lastKnownFileType = sourcecode.swift; path = SetCategoryViewController.swift; sourceTree = "<group>"; };
		CEF7737A21C95AF6005D81A4 /* FlashCardsViewController.swift */ = {isa = PBXFileReference; lastKnownFileType = sourcecode.swift; path = FlashCardsViewController.swift; sourceTree = "<group>"; };
		CEF7737C21C9606B005D81A4 /* CategoryListRouter.swift */ = {isa = PBXFileReference; lastKnownFileType = sourcecode.swift; path = CategoryListRouter.swift; sourceTree = "<group>"; };
		CEF7737E21C960D3005D81A4 /* CategoryListGetWorker.swift */ = {isa = PBXFileReference; lastKnownFileType = sourcecode.swift; path = CategoryListGetWorker.swift; sourceTree = "<group>"; };
		CEF773AC21CAA087005D81A4 /* CategoryListModels.swift */ = {isa = PBXFileReference; lastKnownFileType = sourcecode.swift; path = CategoryListModels.swift; sourceTree = "<group>"; };
		CEF773B121CAAD64005D81A4 /* Names.swift */ = {isa = PBXFileReference; lastKnownFileType = sourcecode.swift; path = Names.swift; sourceTree = "<group>"; };
/* End PBXFileReference section */

/* Begin PBXFrameworksBuildPhase section */
		CEF7735D21C9584F005D81A4 /* Frameworks */ = {
			isa = PBXFrameworksBuildPhase;
			buildActionMask = 2147483647;
			files = (
			);
			runOnlyForDeploymentPostprocessing = 0;
		};
/* End PBXFrameworksBuildPhase section */

/* Begin PBXGroup section */
		CEF7735721C9584F005D81A4 = {
			isa = PBXGroup;
			children = (
				CEF7736221C9584F005D81A4 /* FlashCards */,
				CEF7736121C9584F005D81A4 /* Products */,
			);
			sourceTree = "<group>";
		};
		CEF7736121C9584F005D81A4 /* Products */ = {
			isa = PBXGroup;
			children = (
				CEF7736021C9584F005D81A4 /* FlashCards.app */,
			);
			name = Products;
			sourceTree = "<group>";
		};
		CEF7736221C9584F005D81A4 /* FlashCards */ = {
			isa = PBXGroup;
			children = (
				CEF773B021CAACEE005D81A4 /* SetFlashCard */,
				CEF773AF21CAACE7005D81A4 /* SetCategory */,
				CEF773AE21CAACD9005D81A4 /* FlashCards */,
				CEF7737521C9585B005D81A4 /* CategoryList */,
				CEF7736321C9584F005D81A4 /* AppDelegate.swift */,
				CEF773B121CAAD64005D81A4 /* Names.swift */,
				CEF7736721C9584F005D81A4 /* Main.storyboard */,
				CEF7736A21C95850005D81A4 /* Assets.xcassets */,
				CEF7736C21C95850005D81A4 /* LaunchScreen.storyboard */,
				CEF7736F21C95850005D81A4 /* Info.plist */,
			);
			path = FlashCards;
			sourceTree = "<group>";
		};
		CEF7737521C9585B005D81A4 /* CategoryList */ = {
			isa = PBXGroup;
			children = (
				CEF7736521C9584F005D81A4 /* CategoryListViewController.swift */,
				CEF7737C21C9606B005D81A4 /* CategoryListRouter.swift */,
				CEF7737E21C960D3005D81A4 /* CategoryListGetWorker.swift */,
				CEF773AC21CAA087005D81A4 /* CategoryListModels.swift */,
			);
			path = CategoryList;
			sourceTree = "<group>";
		};
		CEF773AE21CAACD9005D81A4 /* FlashCards */ = {
			isa = PBXGroup;
			children = (
				CEF7737A21C95AF6005D81A4 /* FlashCardsViewController.swift */,
			);
			path = FlashCards;
			sourceTree = "<group>";
		};
		CEF773AF21CAACE7005D81A4 /* SetCategory */ = {
			isa = PBXGroup;
			children = (
				CEF7737821C95AEA005D81A4 /* SetCategoryViewController.swift */,
			);
			path = SetCategory;
			sourceTree = "<group>";
		};
		CEF773B021CAACEE005D81A4 /* SetFlashCard */ = {
			isa = PBXGroup;
			children = (
				CEF7737621C95AD3005D81A4 /* SetFlashCardViewController.swift */,
			);
			path = SetFlashCard;
			sourceTree = "<group>";
		};
/* End PBXGroup section */

/* Begin PBXNativeTarget section */
		CEF7735F21C9584F005D81A4 /* FlashCards */ = {
			isa = PBXNativeTarget;
			buildConfigurationList = CEF7737221C95850005D81A4 /* Build configuration list for PBXNativeTarget "FlashCards" */;
			buildPhases = (
				CEF7735C21C9584F005D81A4 /* Sources */,
				CEF7735D21C9584F005D81A4 /* Frameworks */,
				CEF7735E21C9584F005D81A4 /* Resources */,
			);
			buildRules = (
			);
			dependencies = (
			);
			name = FlashCards;
			productName = FlashCards;
			productReference = CEF7736021C9584F005D81A4 /* FlashCards.app */;
			productType = "com.apple.product-type.application";
		};
/* End PBXNativeTarget section */

/* Begin PBXProject section */
		CEF7735821C9584F005D81A4 /* Project object */ = {
			isa = PBXProject;
			attributes = {
				LastSwiftUpdateCheck = 1000;
				LastUpgradeCheck = 1000;
				ORGANIZATIONNAME = user;
				TargetAttributes = {
					CEF7735F21C9584F005D81A4 = {
						CreatedOnToolsVersion = 10.0;
					};
				};
			};
			buildConfigurationList = CEF7735B21C9584F005D81A4 /* Build configuration list for PBXProject "FlashCards" */;
			compatibilityVersion = "Xcode 9.3";
			developmentRegion = en;
			hasScannedForEncodings = 0;
			knownRegions = (
				en,
				Base,
			);
			mainGroup = CEF7735721C9584F005D81A4;
			productRefGroup = CEF7736121C9584F005D81A4 /* Products */;
			projectDirPath = "";
			projectRoot = "";
			targets = (
				CEF7735F21C9584F005D81A4 /* FlashCards */,
			);
		};
/* End PBXProject section */

/* Begin PBXResourcesBuildPhase section */
		CEF7735E21C9584F005D81A4 /* Resources */ = {
			isa = PBXResourcesBuildPhase;
			buildActionMask = 2147483647;
			files = (
				CEF7736E21C95850005D81A4 /* LaunchScreen.storyboard in Resources */,
				CEF7736B21C95850005D81A4 /* Assets.xcassets in Resources */,
				CEF7736921C9584F005D81A4 /* Main.storyboard in Resources */,
			);
			runOnlyForDeploymentPostprocessing = 0;
		};
/* End PBXResourcesBuildPhase section */

/* Begin PBXSourcesBuildPhase section */
		CEF7735C21C9584F005D81A4 /* Sources */ = {
			isa = PBXSourcesBuildPhase;
			buildActionMask = 2147483647;
			files = (
				CEF7737721C95AD3005D81A4 /* SetFlashCardViewController.swift in Sources */,
				CEF773AD21CAA088005D81A4 /* CategoryListModels.swift in Sources */,
				CEF7736621C9584F005D81A4 /* CategoryListViewController.swift in Sources */,
				CEF773B221CAAD64005D81A4 /* Names.swift in Sources */,
				CEF7737D21C9606B005D81A4 /* CategoryListRouter.swift in Sources */,
				CEF7737B21C95AF7005D81A4 /* FlashCardsViewController.swift in Sources */,
				CEF7737921C95AEA005D81A4 /* SetCategoryViewController.swift in Sources */,
				CEF7737F21C960D3005D81A4 /* CategoryListGetWorker.swift in Sources */,
				CEF7736421C9584F005D81A4 /* AppDelegate.swift in Sources */,
			);
			runOnlyForDeploymentPostprocessing = 0;
		};
/* End PBXSourcesBuildPhase section */

/* Begin PBXVariantGroup section */
		CEF7736721C9584F005D81A4 /* Main.storyboard */ = {
			isa = PBXVariantGroup;
			children = (
				CEF7736821C9584F005D81A4 /* Base */,
			);
			name = Main.storyboard;
			sourceTree = "<group>";
		};
		CEF7736C21C95850005D81A4 /* LaunchScreen.storyboard */ = {
			isa = PBXVariantGroup;
			children = (
				CEF7736D21C95850005D81A4 /* Base */,
			);
			name = LaunchScreen.storyboard;
			sourceTree = "<group>";
		};
/* End PBXVariantGroup section */

/* Begin XCBuildConfiguration section */
		CEF7737021C95850005D81A4 /* Debug */ = {
			isa = XCBuildConfiguration;
			buildSettings = {
				ALWAYS_SEARCH_USER_PATHS = NO;
				CLANG_ANALYZER_NONNULL = YES;
				CLANG_ANALYZER_NUMBER_OBJECT_CONVERSION = YES_AGGRESSIVE;
				CLANG_CXX_LANGUAGE_STANDARD = "gnu++14";
				CLANG_CXX_LIBRARY = "libc++";
				CLANG_ENABLE_MODULES = YES;
				CLANG_ENABLE_OBJC_ARC = YES;
				CLANG_ENABLE_OBJC_WEAK = YES;
				CLANG_WARN_BLOCK_CAPTURE_AUTORELEASING = YES;
				CLANG_WARN_BOOL_CONVERSION = YES;
				CLANG_WARN_COMMA = YES;
				CLANG_WARN_CONSTANT_CONVERSION = YES;
				CLANG_WARN_DEPRECATED_OBJC_IMPLEMENTATIONS = YES;
				CLANG_WARN_DIRECT_OBJC_ISA_USAGE = YES_ERROR;
				CLANG_WARN_DOCUMENTATION_COMMENTS = YES;
				CLANG_WARN_EMPTY_BODY = YES;
				CLANG_WARN_ENUM_CONVERSION = YES;
				CLANG_WARN_INFINITE_RECURSION = YES;
				CLANG_WARN_INT_CONVERSION = YES;
				CLANG_WARN_NON_LITERAL_NULL_CONVERSION = YES;
				CLANG_WARN_OBJC_IMPLICIT_RETAIN_SELF = YES;
				CLANG_WARN_OBJC_LITERAL_CONVERSION = YES;
				CLANG_WARN_OBJC_ROOT_CLASS = YES_ERROR;
				CLANG_WARN_RANGE_LOOP_ANALYSIS = YES;
				CLANG_WARN_STRICT_PROTOTYPES = YES;
				CLANG_WARN_SUSPICIOUS_MOVE = YES;
				CLANG_WARN_UNGUARDED_AVAILABILITY = YES_AGGRESSIVE;
				CLANG_WARN_UNREACHABLE_CODE = YES;
				CLANG_WARN__DUPLICATE_METHOD_MATCH = YES;
				CODE_SIGN_IDENTITY = "iPhone Developer";
				COPY_PHASE_STRIP = NO;
				DEBUG_INFORMATION_FORMAT = dwarf;
				ENABLE_STRICT_OBJC_MSGSEND = YES;
				ENABLE_TESTABILITY = YES;
				GCC_C_LANGUAGE_STANDARD = gnu11;
				GCC_DYNAMIC_NO_PIC = NO;
				GCC_NO_COMMON_BLOCKS = YES;
				GCC_OPTIMIZATION_LEVEL = 0;
				GCC_PREPROCESSOR_DEFINITIONS = (
					"DEBUG=1",
					"$(inherited)",
				);
				GCC_WARN_64_TO_32_BIT_CONVERSION = YES;
				GCC_WARN_ABOUT_RETURN_TYPE = YES_ERROR;
				GCC_WARN_UNDECLARED_SELECTOR = YES;
				GCC_WARN_UNINITIALIZED_AUTOS = YES_AGGRESSIVE;
				GCC_WARN_UNUSED_FUNCTION = YES;
				GCC_WARN_UNUSED_VARIABLE = YES;
				IPHONEOS_DEPLOYMENT_TARGET = 12.0;
				MTL_ENABLE_DEBUG_INFO = INCLUDE_SOURCE;
				MTL_FAST_MATH = YES;
				ONLY_ACTIVE_ARCH = YES;
				SDKROOT = iphoneos;
				SWIFT_ACTIVE_COMPILATION_CONDITIONS = DEBUG;
				SWIFT_OPTIMIZATION_LEVEL = "-Onone";
			};
			name = Debug;
		};
		CEF7737121C95850005D81A4 /* Release */ = {
			isa = XCBuildConfiguration;
			buildSettings = {
				ALWAYS_SEARCH_USER_PATHS = NO;
				CLANG_ANALYZER_NONNULL = YES;
				CLANG_ANALYZER_NUMBER_OBJECT_CONVERSION = YES_AGGRESSIVE;
				CLANG_CXX_LANGUAGE_STANDARD = "gnu++14";
				CLANG_CXX_LIBRARY = "libc++";
				CLANG_ENABLE_MODULES = YES;
				CLANG_ENABLE_OBJC_ARC = YES;
				CLANG_ENABLE_OBJC_WEAK = YES;
				CLANG_WARN_BLOCK_CAPTURE_AUTORELEASING = YES;
				CLANG_WARN_BOOL_CONVERSION = YES;
				CLANG_WARN_COMMA = YES;
				CLANG_WARN_CONSTANT_CONVERSION = YES;
				CLANG_WARN_DEPRECATED_OBJC_IMPLEMENTATIONS = YES;
				CLANG_WARN_DIRECT_OBJC_ISA_USAGE = YES_ERROR;
				CLANG_WARN_DOCUMENTATION_COMMENTS = YES;
				CLANG_WARN_EMPTY_BODY = YES;
				CLANG_WARN_ENUM_CONVERSION = YES;
				CLANG_WARN_INFINITE_RECURSION = YES;
				CLANG_WARN_INT_CONVERSION = YES;
				CLANG_WARN_NON_LITERAL_NULL_CONVERSION = YES;
				CLANG_WARN_OBJC_IMPLICIT_RETAIN_SELF = YES;
				CLANG_WARN_OBJC_LITERAL_CONVERSION = YES;
				CLANG_WARN_OBJC_ROOT_CLASS = YES_ERROR;
				CLANG_WARN_RANGE_LOOP_ANALYSIS = YES;
				CLANG_WARN_STRICT_PROTOTYPES = YES;
				CLANG_WARN_SUSPICIOUS_MOVE = YES;
				CLANG_WARN_UNGUARDED_AVAILABILITY = YES_AGGRESSIVE;
				CLANG_WARN_UNREACHABLE_CODE = YES;
				CLANG_WARN__DUPLICATE_METHOD_MATCH = YES;
				CODE_SIGN_IDENTITY = "iPhone Developer";
				COPY_PHASE_STRIP = NO;
				DEBUG_INFORMATION_FORMAT = "dwarf-with-dsym";
				ENABLE_NS_ASSERTIONS = NO;
				ENABLE_STRICT_OBJC_MSGSEND = YES;
				GCC_C_LANGUAGE_STANDARD = gnu11;
				GCC_NO_COMMON_BLOCKS = YES;
				GCC_WARN_64_TO_32_BIT_CONVERSION = YES;
				GCC_WARN_ABOUT_RETURN_TYPE = YES_ERROR;
				GCC_WARN_UNDECLARED_SELECTOR = YES;
				GCC_WARN_UNINITIALIZED_AUTOS = YES_AGGRESSIVE;
				GCC_WARN_UNUSED_FUNCTION = YES;
				GCC_WARN_UNUSED_VARIABLE = YES;
				IPHONEOS_DEPLOYMENT_TARGET = 12.0;
				MTL_ENABLE_DEBUG_INFO = NO;
				MTL_FAST_MATH = YES;
				SDKROOT = iphoneos;
				SWIFT_COMPILATION_MODE = wholemodule;
				SWIFT_OPTIMIZATION_LEVEL = "-O";
				VALIDATE_PRODUCT = YES;
			};
			name = Release;
		};
		CEF7737321C95850005D81A4 /* Debug */ = {
			isa = XCBuildConfiguration;
			buildSettings = {
				ASSETCATALOG_COMPILER_APPICON_NAME = AppIcon;
				CODE_SIGN_STYLE = Automatic;
				DEVELOPMENT_TEAM = TMTU5R2HJY;
				INFOPLIST_FILE = FlashCards/Info.plist;
				LD_RUNPATH_SEARCH_PATHS = (
					"$(inherited)",
					"@executable_path/Frameworks",
				);
				PRODUCT_BUNDLE_IDENTIFIER = com.jgstudio.FlashCards;
				PRODUCT_NAME = "$(TARGET_NAME)";
				SWIFT_VERSION = 4.2;
				TARGETED_DEVICE_FAMILY = "1,2";
			};
			name = Debug;
		};
		CEF7737421C95850005D81A4 /* Release */ = {
			isa = XCBuildConfiguration;
			buildSettings = {
				ASSETCATALOG_COMPILER_APPICON_NAME = AppIcon;
				CODE_SIGN_STYLE = Automatic;
				DEVELOPMENT_TEAM = TMTU5R2HJY;
				INFOPLIST_FILE = FlashCards/Info.plist;
				LD_RUNPATH_SEARCH_PATHS = (
					"$(inherited)",
					"@executable_path/Frameworks",
				);
				PRODUCT_BUNDLE_IDENTIFIER = com.jgstudio.FlashCards;
				PRODUCT_NAME = "$(TARGET_NAME)";
				SWIFT_VERSION = 4.2;
				TARGETED_DEVICE_FAMILY = "1,2";
			};
			name = Release;
		};
/* End XCBuildConfiguration section */

/* Begin XCConfigurationList section */
		CEF7735B21C9584F005D81A4 /* Build configuration list for PBXProject "FlashCards" */ = {
			isa = XCConfigurationList;
			buildConfigurations = (
				CEF7737021C95850005D81A4 /* Debug */,
				CEF7737121C95850005D81A4 /* Release */,
			);
			defaultConfigurationIsVisible = 0;
			defaultConfigurationName = Release;
		};
		CEF7737221C95850005D81A4 /* Build configuration list for PBXNativeTarget "FlashCards" */ = {
			isa = XCConfigurationList;
			buildConfigurations = (
				CEF7737321C95850005D81A4 /* Debug */,
				CEF7737421C95850005D81A4 /* Release */,
			);
			defaultConfigurationIsVisible = 0;
			defaultConfigurationName = Release;
		};
/* End XCConfigurationList section */
	};
	rootObject = CEF7735821C9584F005D81A4 /* Project object */;
}
